
Microsoft Visual Studio Solution File, Format Version 12.00
Project("{FAE04EC0-301F-11D3-BF4B-00C04F79EFBC}") = "MethodSample", "MethodSample\MethodSample.csproj", "{9B4B0879-15C6-4F65-80CB-48B158780886}"
EndProject
Project("{FAE04EC0-301F-11D3-BF4B-00C04F79EFBC}") = "ConstructorSample", "ConstructorSample\ConstructorSample.csproj", "{0A988384-B998-460D-B014-385A1980B59E}"
EndProject
Project("{FAE04EC0-301F-11D3-BF4B-00C04F79EFBC}") = "FiledSample", "FiledSample\FiledSample.csproj", "{E411B20A-1375-456D-846F-CF8E2BD87671}"
EndProject
Project("{FAE04EC0-301F-11D3-BF4B-00C04F79EFBC}") = "PropertySample", "PropertySample\PropertySample.csproj", "{B46A7166-3CFE-4648-B720-DB5E43C3D573}"
EndProject
Project("{FAE04EC0-301F-11D3-BF4B-00C04F79EFBC}") = "PropertySample_4", "PropertySample_4\PropertySample_4.csproj", "{C89E0A19-4E02-435F-A76A-4ECDBB1FDDD5}"
EndProject
Project("{FAE04EC0-301F-11D3-BF4B-00C04F79EFBC}") = "PropertySample_3", "PropertySample_3\PropertySample_3.csproj", "{CA4A9363-EF60-495D-BD07-2F7AF389FBBC}"
EndProject
Project("{FAE04EC0-301F-11D3-BF4B-00C04F79EFBC}") = "PropertySample_5", "PropertySample_5\PropertySample_5.csproj", "{65411B35-016A-4823-A427-D689B331EE41}"
EndProject
Project("{FAE04EC0-301F-11D3-BF4B-00C04F79EFBC}") = "PropertySample_2", "PropertySample_2\PropertySample_2.csproj", "{FE3309EB-B6DF-4329-BA80-6E46D851A9C7}"
EndProject
Project("{FAE04EC0-301F-11D3-BF4B-00C04F79EFBC}") = "ConstantsSample", "ConstantsSample\ConstantsSample.csproj", "{54AAE52C-079F-4ECE-9F47-2CBC71D95DA0}"
EndProject
Project("{FAE04EC0-301F-11D3-BF4B-00C04F79EFBC}") = "ReferenceTypeSample", "ReferenceTypeSample\ReferenceTypeSample.csproj", "{1172C57C-2AA0-4A97-BF60-694EFA826AA5}"
EndProject
Project("{FAE04EC0-301F-11D3-BF4B-00C04F79EFBC}") = "PrimitiveTypeSample", "PrimitiveTypeSample\PrimitiveTypeSample.csproj", "{578D3925-FBD2-4A3B-8AAC-A3A562FC26EF}"
EndProject
Project("{FAE04EC0-301F-11D3-BF4B-00C04F79EFBC}") = "ValueTypeSample", "ValueTypeSample\ValueTypeSample.csproj", "{53E94CA2-BF6E-4CB0-BC5A-410D97C453D6}"
EndProject
Project("{FAE04EC0-301F-11D3-BF4B-00C04F79EFBC}") = "ValueTypeSample_2", "ValueTypeSample_2\ValueTypeSample_2.csproj", "{C86A8522-9CA3-416A-8433-D701469F21D2}"
EndProject
Project("{FAE04EC0-301F-11D3-BF4B-00C04F79EFBC}") = "DelegateSample", "DelegateSample\DelegateSample.csproj", "{06D2840D-3913-4DFB-9D45-B1C3DF8C4FB2}"
EndProject
Project("{FAE04EC0-301F-11D3-BF4B-00C04F79EFBC}") = "DelegateSample_2", "DelegateSample_2\DelegateSample_2.csproj", "{390FD66D-D049-445C-8576-D6E1EAF4E8EC}"
EndProject
Project("{FAE04EC0-301F-11D3-BF4B-00C04F79EFBC}") = "PrimitiveTypeSample_2", "PrimitiveTypeSample_2\PrimitiveTypeSample_2.csproj", "{A9F4F0AE-39B7-41A7-9970-BA403706DA02}"
EndProject
Project("{FAE04EC0-301F-11D3-BF4B-00C04F79EFBC}") = "InternalSample", "InternalSample\InternalSample.csproj", "{B20CC96F-790F-454A-AA1C-293C5D28C670}"
EndProject
Global
	GlobalSection(SolutionConfigurationPlatforms) = preSolution
		Debug|Any CPU = Debug|Any CPU
		Release|Any CPU = Release|Any CPU
	EndGlobalSection
	GlobalSection(ProjectConfigurationPlatforms) = postSolution
		{9B4B0879-15C6-4F65-80CB-48B158780886}.Debug|Any CPU.ActiveCfg = Debug|Any CPU
		{9B4B0879-15C6-4F65-80CB-48B158780886}.Debug|Any CPU.Build.0 = Debug|Any CPU
		{9B4B0879-15C6-4F65-80CB-48B158780886}.Release|Any CPU.ActiveCfg = Release|Any CPU
		{9B4B0879-15C6-4F65-80CB-48B158780886}.Release|Any CPU.Build.0 = Release|Any CPU
		{0A988384-B998-460D-B014-385A1980B59E}.Debug|Any CPU.ActiveCfg = Debug|Any CPU
		{0A988384-B998-460D-B014-385A1980B59E}.Debug|Any CPU.Build.0 = Debug|Any CPU
		{0A988384-B998-460D-B014-385A1980B59E}.Release|Any CPU.ActiveCfg = Release|Any CPU
		{0A988384-B998-460D-B014-385A1980B59E}.Release|Any CPU.Build.0 = Release|Any CPU
		{E411B20A-1375-456D-846F-CF8E2BD87671}.Debug|Any CPU.ActiveCfg = Debug|Any CPU
		{E411B20A-1375-456D-846F-CF8E2BD87671}.Debug|Any CPU.Build.0 = Debug|Any CPU
		{E411B20A-1375-456D-846F-CF8E2BD87671}.Release|Any CPU.ActiveCfg = Release|Any CPU
		{E411B20A-1375-456D-846F-CF8E2BD87671}.Release|Any CPU.Build.0 = Release|Any CPU
		{B46A7166-3CFE-4648-B720-DB5E43C3D573}.Debug|Any CPU.ActiveCfg = Debug|Any CPU
		{B46A7166-3CFE-4648-B720-DB5E43C3D573}.Debug|Any CPU.Build.0 = Debug|Any CPU
		{B46A7166-3CFE-4648-B720-DB5E43C3D573}.Release|Any CPU.ActiveCfg = Release|Any CPU
		{B46A7166-3CFE-4648-B720-DB5E43C3D573}.Release|Any CPU.Build.0 = Release|Any CPU
		{C89E0A19-4E02-435F-A76A-4ECDBB1FDDD5}.Debug|Any CPU.ActiveCfg = Debug|Any CPU
		{C89E0A19-4E02-435F-A76A-4ECDBB1FDDD5}.Debug|Any CPU.Build.0 = Debug|Any CPU
		{C89E0A19-4E02-435F-A76A-4ECDBB1FDDD5}.Release|Any CPU.ActiveCfg = Release|Any CPU
		{C89E0A19-4E02-435F-A76A-4ECDBB1FDDD5}.Release|Any CPU.Build.0 = Release|Any CPU
		{CA4A9363-EF60-495D-BD07-2F7AF389FBBC}.Debug|Any CPU.ActiveCfg = Debug|Any CPU
		{CA4A9363-EF60-495D-BD07-2F7AF389FBBC}.Debug|Any CPU.Build.0 = Debug|Any CPU
		{CA4A9363-EF60-495D-BD07-2F7AF389FBBC}.Release|Any CPU.ActiveCfg = Release|Any CPU
		{CA4A9363-EF60-495D-BD07-2F7AF389FBBC}.Release|Any CPU.Build.0 = Release|Any CPU
		{65411B35-016A-4823-A427-D689B331EE41}.Debug|Any CPU.ActiveCfg = Debug|Any CPU
		{65411B35-016A-4823-A427-D689B331EE41}.Debug|Any CPU.Build.0 = Debug|Any CPU
		{65411B35-016A-4823-A427-D689B331EE41}.Release|Any CPU.ActiveCfg = Release|Any CPU
		{65411B35-016A-4823-A427-D689B331EE41}.Release|Any CPU.Build.0 = Release|Any CPU
		{FE3309EB-B6DF-4329-BA80-6E46D851A9C7}.Debug|Any CPU.ActiveCfg = Debug|Any CPU
		{FE3309EB-B6DF-4329-BA80-6E46D851A9C7}.Debug|Any CPU.Build.0 = Debug|Any CPU
		{FE3309EB-B6DF-4329-BA80-6E46D851A9C7}.Release|Any CPU.ActiveCfg = Release|Any CPU
		{FE3309EB-B6DF-4329-BA80-6E46D851A9C7}.Release|Any CPU.Build.0 = Release|Any CPU
		{54AAE52C-079F-4ECE-9F47-2CBC71D95DA0}.Debug|Any CPU.ActiveCfg = Debug|Any CPU
		{54AAE52C-079F-4ECE-9F47-2CBC71D95DA0}.Debug|Any CPU.Build.0 = Debug|Any CPU
		{54AAE52C-079F-4ECE-9F47-2CBC71D95DA0}.Release|Any CPU.ActiveCfg = Release|Any CPU
		{54AAE52C-079F-4ECE-9F47-2CBC71D95DA0}.Release|Any CPU.Build.0 = Release|Any CPU
		{1172C57C-2AA0-4A97-BF60-694EFA826AA5}.Debug|Any CPU.ActiveCfg = Debug|Any CPU
		{1172C57C-2AA0-4A97-BF60-694EFA826AA5}.Debug|Any CPU.Build.0 = Debug|Any CPU
		{1172C57C-2AA0-4A97-BF60-694EFA826AA5}.Release|Any CPU.ActiveCfg = Release|Any CPU
		{1172C57C-2AA0-4A97-BF60-694EFA826AA5}.Release|Any CPU.Build.0 = Release|Any CPU
		{578D3925-FBD2-4A3B-8AAC-A3A562FC26EF}.Debug|Any CPU.ActiveCfg = Debug|Any CPU
		{578D3925-FBD2-4A3B-8AAC-A3A562FC26EF}.Debug|Any CPU.Build.0 = Debug|Any CPU
		{578D3925-FBD2-4A3B-8AAC-A3A562FC26EF}.Release|Any CPU.ActiveCfg = Release|Any CPU
		{578D3925-FBD2-4A3B-8AAC-A3A562FC26EF}.Release|Any CPU.Build.0 = Release|Any CPU
		{53E94CA2-BF6E-4CB0-BC5A-410D97C453D6}.Debug|Any CPU.ActiveCfg = Debug|Any CPU
		{53E94CA2-BF6E-4CB0-BC5A-410D97C453D6}.Debug|Any CPU.Build.0 = Debug|Any CPU
		{53E94CA2-BF6E-4CB0-BC5A-410D97C453D6}.Release|Any CPU.ActiveCfg = Release|Any CPU
		{53E94CA2-BF6E-4CB0-BC5A-410D97C453D6}.Release|Any CPU.Build.0 = Release|Any CPU
		{C86A8522-9CA3-416A-8433-D701469F21D2}.Debug|Any CPU.ActiveCfg = Debug|Any CPU
		{C86A8522-9CA3-416A-8433-D701469F21D2}.Debug|Any CPU.Build.0 = Debug|Any CPU
		{C86A8522-9CA3-416A-8433-D701469F21D2}.Release|Any CPU.ActiveCfg = Release|Any CPU
		{C86A8522-9CA3-416A-8433-D701469F21D2}.Release|Any CPU.Build.0 = Release|Any CPU
		{06D2840D-3913-4DFB-9D45-B1C3DF8C4FB2}.Debug|Any CPU.ActiveCfg = Debug|Any CPU
		{06D2840D-3913-4DFB-9D45-B1C3DF8C4FB2}.Debug|Any CPU.Build.0 = Debug|Any CPU
		{06D2840D-3913-4DFB-9D45-B1C3DF8C4FB2}.Release|Any CPU.ActiveCfg = Release|Any CPU
		{06D2840D-3913-4DFB-9D45-B1C3DF8C4FB2}.Release|Any CPU.Build.0 = Release|Any CPU
		{390FD66D-D049-445C-8576-D6E1EAF4E8EC}.Debug|Any CPU.ActiveCfg = Debug|Any CPU
		{390FD66D-D049-445C-8576-D6E1EAF4E8EC}.Debug|Any CPU.Build.0 = Debug|Any CPU
		{390FD66D-D049-445C-8576-D6E1EAF4E8EC}.Release|Any CPU.ActiveCfg = Release|Any CPU
		{390FD66D-D049-445C-8576-D6E1EAF4E8EC}.Release|Any CPU.Build.0 = Release|Any CPU
		{A9F4F0AE-39B7-41A7-9970-BA403706DA02}.Debug|Any CPU.ActiveCfg = Debug|Any CPU
		{A9F4F0AE-39B7-41A7-9970-BA403706DA02}.Debug|Any CPU.Build.0 = Debug|Any CPU
		{A9F4F0AE-39B7-41A7-9970-BA403706DA02}.Release|Any CPU.ActiveCfg = Release|Any CPU
		{A9F4F0AE-39B7-41A7-9970-BA403706DA02}.Release|Any CPU.Build.0 = Release|Any CPU
		{B20CC96F-790F-454A-AA1C-293C5D28C670}.Debug|Any CPU.ActiveCfg = Debug|Any CPU
		{B20CC96F-790F-454A-AA1C-293C5D28C670}.Debug|Any CPU.Build.0 = Debug|Any CPU
		{B20CC96F-790F-454A-AA1C-293C5D28C670}.Release|Any CPU.ActiveCfg = Release|Any CPU
		{B20CC96F-790F-454A-AA1C-293C5D28C670}.Release|Any CPU.Build.0 = Release|Any CPU
	EndGlobalSection
EndGlobal
