
Microsoft Visual Studio Solution File, Format Version 12.00
Project("{FAE04EC0-301F-11D3-BF4B-00C04F79EFBC}") = "MethodSample_2", "MethodSample_2\MethodSample_2.csproj", "{9B4B0879-15C6-4F65-80CB-48B158780886}"
EndProject
Project("{FAE04EC0-301F-11D3-BF4B-00C04F79EFBC}") = "ConstructorSample", "ConstructorSample\ConstructorSample.csproj", "{0A988384-B998-460D-B014-385A1980B59E}"
EndProject
Project("{FAE04EC0-301F-11D3-BF4B-00C04F79EFBC}") = "FiledSample", "FiledSample\FiledSample.csproj", "{E411B20A-1375-456D-846F-CF8E2BD87671}"
EndProject
Project("{FAE04EC0-301F-11D3-BF4B-00C04F79EFBC}") = "PropertySample", "PropertySample\PropertySample.csproj", "{B46A7166-3CFE-4648-B720-DB5E43C3D573}"
EndProject
Project("{FAE04EC0-301F-11D3-BF4B-00C04F79EFBC}") = "PropertySample_5", "PropertySample_5\PropertySample_5.csproj", "{65411B35-016A-4823-A427-D689B331EE41}"
EndProject
Project("{FAE04EC0-301F-11D3-BF4B-00C04F79EFBC}") = "PropertySample_2", "PropertySample_2\PropertySample_2.csproj", "{FE3309EB-B6DF-4329-BA80-6E46D851A9C7}"
EndProject
Project("{FAE04EC0-301F-11D3-BF4B-00C04F79EFBC}") = "ConstantsSample", "ConstantsSample\ConstantsSample.csproj", "{54AAE52C-079F-4ECE-9F47-2CBC71D95DA0}"
EndProject
Project("{FAE04EC0-301F-11D3-BF4B-00C04F79EFBC}") = "ReferenceTypeSample", "ReferenceTypeSample\ReferenceTypeSample.csproj", "{1172C57C-2AA0-4A97-BF60-694EFA826AA5}"
EndProject
Project("{FAE04EC0-301F-11D3-BF4B-00C04F79EFBC}") = "PrimitiveTypeSample", "PrimitiveTypeSample\PrimitiveTypeSample.csproj", "{578D3925-FBD2-4A3B-8AAC-A3A562FC26EF}"
EndProject
Project("{FAE04EC0-301F-11D3-BF4B-00C04F79EFBC}") = "ValueTypeSample", "ValueTypeSample\ValueTypeSample.csproj", "{53E94CA2-BF6E-4CB0-BC5A-410D97C453D6}"
EndProject
Project("{FAE04EC0-301F-11D3-BF4B-00C04F79EFBC}") = "ValueTypeSample_2", "ValueTypeSample_2\ValueTypeSample_2.csproj", "{C86A8522-9CA3-416A-8433-D701469F21D2}"
EndProject
Project("{FAE04EC0-301F-11D3-BF4B-00C04F79EFBC}") = "DelegateSample", "DelegateSample\DelegateSample.csproj", "{06D2840D-3913-4DFB-9D45-B1C3DF8C4FB2}"
EndProject
Project("{FAE04EC0-301F-11D3-BF4B-00C04F79EFBC}") = "DelegateSample_2", "DelegateSample_2\DelegateSample_2.csproj", "{390FD66D-D049-445C-8576-D6E1EAF4E8EC}"
EndProject
Project("{FAE04EC0-301F-11D3-BF4B-00C04F79EFBC}") = "PrimitiveTypeSample_2", "PrimitiveTypeSample_2\PrimitiveTypeSample_2.csproj", "{A9F4F0AE-39B7-41A7-9970-BA403706DA02}"
EndProject
Project("{FAE04EC0-301F-11D3-BF4B-00C04F79EFBC}") = "InternalSample", "InternalSample\InternalSample.csproj", "{B20CC96F-790F-454A-AA1C-293C5D28C670}"
EndProject
Project("{FAE04EC0-301F-11D3-BF4B-00C04F79EFBC}") = "ConstructorSample_2", "ConstructorSample_2\ConstructorSample_2.csproj", "{20469FB4-2AC5-412E-ABDB-10D280E05642}"
EndProject
Project("{FAE04EC0-301F-11D3-BF4B-00C04F79EFBC}") = "FiledSample_2", "FiledSample_2\FiledSample_2.csproj", "{208AD9F4-37D2-4C97-904D-92521962826F}"
EndProject
Project("{FAE04EC0-301F-11D3-BF4B-00C04F79EFBC}") = "PropertySample_3", "PropertySample_3\PropertySample_3.csproj", "{308E291A-78A1-48C9-B806-F18874442862}"
EndProject
Project("{FAE04EC0-301F-11D3-BF4B-00C04F79EFBC}") = "MethodSample", "MethodSample\MethodSample.csproj", "{E127F1B9-D0ED-44B6-9CC5-874EC8B461F9}"
EndProject
Project("{FAE04EC0-301F-11D3-BF4B-00C04F79EFBC}") = "MethodSample_3", "MethodSample_3\MethodSample_3.csproj", "{C83EE91A-3785-4931-9A5F-8D4AF191091D}"
EndProject
Project("{FAE04EC0-301F-11D3-BF4B-00C04F79EFBC}") = "RefOutSample", "RefOutSample\RefOutSample.csproj", "{F07C9F3C-6F43-4679-BCE9-0F3A73D39464}"
EndProject
Project("{FAE04EC0-301F-11D3-BF4B-00C04F79EFBC}") = "StringSample", "StringSample\StringSample.csproj", "{724627D5-782D-41D4-B2DB-583D50EC6691}"
EndProject
Project("{FAE04EC0-301F-11D3-BF4B-00C04F79EFBC}") = "StringSample_2", "StringSample_2\StringSample_2.csproj", "{51FD9CDE-CFAB-4F9A-AE53-3B6B85C86D66}"
EndProject
Project("{FAE04EC0-301F-11D3-BF4B-00C04F79EFBC}") = "IndexerSample", "IndexerSample\IndexerSample.csproj", "{A36A9141-EA28-458E-8BFE-4832E1DFC489}"
EndProject
Global
	GlobalSection(SolutionConfigurationPlatforms) = preSolution
		Debug|Any CPU = Debug|Any CPU
		Release|Any CPU = Release|Any CPU
	EndGlobalSection
	GlobalSection(ProjectConfigurationPlatforms) = postSolution
		{9B4B0879-15C6-4F65-80CB-48B158780886}.Debug|Any CPU.ActiveCfg = Debug|Any CPU
		{9B4B0879-15C6-4F65-80CB-48B158780886}.Debug|Any CPU.Build.0 = Debug|Any CPU
		{9B4B0879-15C6-4F65-80CB-48B158780886}.Release|Any CPU.ActiveCfg = Release|Any CPU
		{9B4B0879-15C6-4F65-80CB-48B158780886}.Release|Any CPU.Build.0 = Release|Any CPU
		{0A988384-B998-460D-B014-385A1980B59E}.Debug|Any CPU.ActiveCfg = Debug|Any CPU
		{0A988384-B998-460D-B014-385A1980B59E}.Debug|Any CPU.Build.0 = Debug|Any CPU
		{0A988384-B998-460D-B014-385A1980B59E}.Release|Any CPU.ActiveCfg = Release|Any CPU
		{0A988384-B998-460D-B014-385A1980B59E}.Release|Any CPU.Build.0 = Release|Any CPU
		{E411B20A-1375-456D-846F-CF8E2BD87671}.Debug|Any CPU.ActiveCfg = Debug|Any CPU
		{E411B20A-1375-456D-846F-CF8E2BD87671}.Debug|Any CPU.Build.0 = Debug|Any CPU
		{E411B20A-1375-456D-846F-CF8E2BD87671}.Release|Any CPU.ActiveCfg = Release|Any CPU
		{E411B20A-1375-456D-846F-CF8E2BD87671}.Release|Any CPU.Build.0 = Release|Any CPU
		{B46A7166-3CFE-4648-B720-DB5E43C3D573}.Debug|Any CPU.ActiveCfg = Debug|Any CPU
		{B46A7166-3CFE-4648-B720-DB5E43C3D573}.Debug|Any CPU.Build.0 = Debug|Any CPU
		{B46A7166-3CFE-4648-B720-DB5E43C3D573}.Release|Any CPU.ActiveCfg = Release|Any CPU
		{B46A7166-3CFE-4648-B720-DB5E43C3D573}.Release|Any CPU.Build.0 = Release|Any CPU
		{65411B35-016A-4823-A427-D689B331EE41}.Debug|Any CPU.ActiveCfg = Debug|Any CPU
		{65411B35-016A-4823-A427-D689B331EE41}.Debug|Any CPU.Build.0 = Debug|Any CPU
		{65411B35-016A-4823-A427-D689B331EE41}.Release|Any CPU.ActiveCfg = Release|Any CPU
		{65411B35-016A-4823-A427-D689B331EE41}.Release|Any CPU.Build.0 = Release|Any CPU
		{FE3309EB-B6DF-4329-BA80-6E46D851A9C7}.Debug|Any CPU.ActiveCfg = Debug|Any CPU
		{FE3309EB-B6DF-4329-BA80-6E46D851A9C7}.Debug|Any CPU.Build.0 = Debug|Any CPU
		{FE3309EB-B6DF-4329-BA80-6E46D851A9C7}.Release|Any CPU.ActiveCfg = Release|Any CPU
		{FE3309EB-B6DF-4329-BA80-6E46D851A9C7}.Release|Any CPU.Build.0 = Release|Any CPU
		{54AAE52C-079F-4ECE-9F47-2CBC71D95DA0}.Debug|Any CPU.ActiveCfg = Debug|Any CPU
		{54AAE52C-079F-4ECE-9F47-2CBC71D95DA0}.Debug|Any CPU.Build.0 = Debug|Any CPU
		{54AAE52C-079F-4ECE-9F47-2CBC71D95DA0}.Release|Any CPU.ActiveCfg = Release|Any CPU
		{54AAE52C-079F-4ECE-9F47-2CBC71D95DA0}.Release|Any CPU.Build.0 = Release|Any CPU
		{1172C57C-2AA0-4A97-BF60-694EFA826AA5}.Debug|Any CPU.ActiveCfg = Debug|Any CPU
		{1172C57C-2AA0-4A97-BF60-694EFA826AA5}.Debug|Any CPU.Build.0 = Debug|Any CPU
		{1172C57C-2AA0-4A97-BF60-694EFA826AA5}.Release|Any CPU.ActiveCfg = Release|Any CPU
		{1172C57C-2AA0-4A97-BF60-694EFA826AA5}.Release|Any CPU.Build.0 = Release|Any CPU
		{578D3925-FBD2-4A3B-8AAC-A3A562FC26EF}.Debug|Any CPU.ActiveCfg = Debug|Any CPU
		{578D3925-FBD2-4A3B-8AAC-A3A562FC26EF}.Debug|Any CPU.Build.0 = Debug|Any CPU
		{578D3925-FBD2-4A3B-8AAC-A3A562FC26EF}.Release|Any CPU.ActiveCfg = Release|Any CPU
		{578D3925-FBD2-4A3B-8AAC-A3A562FC26EF}.Release|Any CPU.Build.0 = Release|Any CPU
		{53E94CA2-BF6E-4CB0-BC5A-410D97C453D6}.Debug|Any CPU.ActiveCfg = Debug|Any CPU
		{53E94CA2-BF6E-4CB0-BC5A-410D97C453D6}.Debug|Any CPU.Build.0 = Debug|Any CPU
		{53E94CA2-BF6E-4CB0-BC5A-410D97C453D6}.Release|Any CPU.ActiveCfg = Release|Any CPU
		{53E94CA2-BF6E-4CB0-BC5A-410D97C453D6}.Release|Any CPU.Build.0 = Release|Any CPU
		{C86A8522-9CA3-416A-8433-D701469F21D2}.Debug|Any CPU.ActiveCfg = Debug|Any CPU
		{C86A8522-9CA3-416A-8433-D701469F21D2}.Debug|Any CPU.Build.0 = Debug|Any CPU
		{C86A8522-9CA3-416A-8433-D701469F21D2}.Release|Any CPU.ActiveCfg = Release|Any CPU
		{C86A8522-9CA3-416A-8433-D701469F21D2}.Release|Any CPU.Build.0 = Release|Any CPU
		{06D2840D-3913-4DFB-9D45-B1C3DF8C4FB2}.Debug|Any CPU.ActiveCfg = Debug|Any CPU
		{06D2840D-3913-4DFB-9D45-B1C3DF8C4FB2}.Debug|Any CPU.Build.0 = Debug|Any CPU
		{06D2840D-3913-4DFB-9D45-B1C3DF8C4FB2}.Release|Any CPU.ActiveCfg = Release|Any CPU
		{06D2840D-3913-4DFB-9D45-B1C3DF8C4FB2}.Release|Any CPU.Build.0 = Release|Any CPU
		{390FD66D-D049-445C-8576-D6E1EAF4E8EC}.Debug|Any CPU.ActiveCfg = Debug|Any CPU
		{390FD66D-D049-445C-8576-D6E1EAF4E8EC}.Debug|Any CPU.Build.0 = Debug|Any CPU
		{390FD66D-D049-445C-8576-D6E1EAF4E8EC}.Release|Any CPU.ActiveCfg = Release|Any CPU
		{390FD66D-D049-445C-8576-D6E1EAF4E8EC}.Release|Any CPU.Build.0 = Release|Any CPU
		{A9F4F0AE-39B7-41A7-9970-BA403706DA02}.Debug|Any CPU.ActiveCfg = Debug|Any CPU
		{A9F4F0AE-39B7-41A7-9970-BA403706DA02}.Debug|Any CPU.Build.0 = Debug|Any CPU
		{A9F4F0AE-39B7-41A7-9970-BA403706DA02}.Release|Any CPU.ActiveCfg = Release|Any CPU
		{A9F4F0AE-39B7-41A7-9970-BA403706DA02}.Release|Any CPU.Build.0 = Release|Any CPU
		{B20CC96F-790F-454A-AA1C-293C5D28C670}.Debug|Any CPU.ActiveCfg = Debug|Any CPU
		{B20CC96F-790F-454A-AA1C-293C5D28C670}.Debug|Any CPU.Build.0 = Debug|Any CPU
		{B20CC96F-790F-454A-AA1C-293C5D28C670}.Release|Any CPU.ActiveCfg = Release|Any CPU
		{B20CC96F-790F-454A-AA1C-293C5D28C670}.Release|Any CPU.Build.0 = Release|Any CPU
		{20469FB4-2AC5-412E-ABDB-10D280E05642}.Debug|Any CPU.ActiveCfg = Debug|Any CPU
		{20469FB4-2AC5-412E-ABDB-10D280E05642}.Debug|Any CPU.Build.0 = Debug|Any CPU
		{20469FB4-2AC5-412E-ABDB-10D280E05642}.Release|Any CPU.ActiveCfg = Release|Any CPU
		{20469FB4-2AC5-412E-ABDB-10D280E05642}.Release|Any CPU.Build.0 = Release|Any CPU
		{208AD9F4-37D2-4C97-904D-92521962826F}.Debug|Any CPU.ActiveCfg = Debug|Any CPU
		{208AD9F4-37D2-4C97-904D-92521962826F}.Debug|Any CPU.Build.0 = Debug|Any CPU
		{208AD9F4-37D2-4C97-904D-92521962826F}.Release|Any CPU.ActiveCfg = Release|Any CPU
		{208AD9F4-37D2-4C97-904D-92521962826F}.Release|Any CPU.Build.0 = Release|Any CPU
		{308E291A-78A1-48C9-B806-F18874442862}.Debug|Any CPU.ActiveCfg = Debug|Any CPU
		{308E291A-78A1-48C9-B806-F18874442862}.Debug|Any CPU.Build.0 = Debug|Any CPU
		{308E291A-78A1-48C9-B806-F18874442862}.Release|Any CPU.ActiveCfg = Release|Any CPU
		{308E291A-78A1-48C9-B806-F18874442862}.Release|Any CPU.Build.0 = Release|Any CPU
		{E127F1B9-D0ED-44B6-9CC5-874EC8B461F9}.Debug|Any CPU.ActiveCfg = Debug|Any CPU
		{E127F1B9-D0ED-44B6-9CC5-874EC8B461F9}.Debug|Any CPU.Build.0 = Debug|Any CPU
		{E127F1B9-D0ED-44B6-9CC5-874EC8B461F9}.Release|Any CPU.ActiveCfg = Release|Any CPU
		{E127F1B9-D0ED-44B6-9CC5-874EC8B461F9}.Release|Any CPU.Build.0 = Release|Any CPU
		{C83EE91A-3785-4931-9A5F-8D4AF191091D}.Debug|Any CPU.ActiveCfg = Debug|Any CPU
		{C83EE91A-3785-4931-9A5F-8D4AF191091D}.Debug|Any CPU.Build.0 = Debug|Any CPU
		{C83EE91A-3785-4931-9A5F-8D4AF191091D}.Release|Any CPU.ActiveCfg = Release|Any CPU
		{C83EE91A-3785-4931-9A5F-8D4AF191091D}.Release|Any CPU.Build.0 = Release|Any CPU
		{F07C9F3C-6F43-4679-BCE9-0F3A73D39464}.Debug|Any CPU.ActiveCfg = Debug|Any CPU
		{F07C9F3C-6F43-4679-BCE9-0F3A73D39464}.Debug|Any CPU.Build.0 = Debug|Any CPU
		{F07C9F3C-6F43-4679-BCE9-0F3A73D39464}.Release|Any CPU.ActiveCfg = Release|Any CPU
		{F07C9F3C-6F43-4679-BCE9-0F3A73D39464}.Release|Any CPU.Build.0 = Release|Any CPU
		{724627D5-782D-41D4-B2DB-583D50EC6691}.Debug|Any CPU.ActiveCfg = Debug|Any CPU
		{724627D5-782D-41D4-B2DB-583D50EC6691}.Debug|Any CPU.Build.0 = Debug|Any CPU
		{724627D5-782D-41D4-B2DB-583D50EC6691}.Release|Any CPU.ActiveCfg = Release|Any CPU
		{724627D5-782D-41D4-B2DB-583D50EC6691}.Release|Any CPU.Build.0 = Release|Any CPU
		{51FD9CDE-CFAB-4F9A-AE53-3B6B85C86D66}.Debug|Any CPU.ActiveCfg = Debug|Any CPU
		{51FD9CDE-CFAB-4F9A-AE53-3B6B85C86D66}.Debug|Any CPU.Build.0 = Debug|Any CPU
		{51FD9CDE-CFAB-4F9A-AE53-3B6B85C86D66}.Release|Any CPU.ActiveCfg = Release|Any CPU
		{51FD9CDE-CFAB-4F9A-AE53-3B6B85C86D66}.Release|Any CPU.Build.0 = Release|Any CPU
		{A36A9141-EA28-458E-8BFE-4832E1DFC489}.Debug|Any CPU.ActiveCfg = Debug|Any CPU
		{A36A9141-EA28-458E-8BFE-4832E1DFC489}.Debug|Any CPU.Build.0 = Debug|Any CPU
		{A36A9141-EA28-458E-8BFE-4832E1DFC489}.Release|Any CPU.ActiveCfg = Release|Any CPU
		{A36A9141-EA28-458E-8BFE-4832E1DFC489}.Release|Any CPU.Build.0 = Release|Any CPU
	EndGlobalSection
EndGlobal
