
Microsoft Visual Studio Solution File, Format Version 12.00
Project("{FAE04EC0-301F-11D3-BF4B-00C04F79EFBC}") = "MethodSample_2", "MethodSample_2\MethodSample_2.csproj", "{9B4B0879-15C6-4F65-80CB-48B158780886}"
EndProject
Project("{FAE04EC0-301F-11D3-BF4B-00C04F79EFBC}") = "ConstructorSample", "ConstructorSample\ConstructorSample.csproj", "{0A988384-B998-460D-B014-385A1980B59E}"
EndProject
Project("{FAE04EC0-301F-11D3-BF4B-00C04F79EFBC}") = "FieldSample", "FieldSample\FieldSample.csproj", "{E411B20A-1375-456D-846F-CF8E2BD87671}"
EndProject
Project("{FAE04EC0-301F-11D3-BF4B-00C04F79EFBC}") = "PropertySample", "PropertySample\PropertySample.csproj", "{B46A7166-3CFE-4648-B720-DB5E43C3D573}"
EndProject
Project("{FAE04EC0-301F-11D3-BF4B-00C04F79EFBC}") = "PropertySample_2", "PropertySample_2\PropertySample_2.csproj", "{FE3309EB-B6DF-4329-BA80-6E46D851A9C7}"
EndProject
Project("{FAE04EC0-301F-11D3-BF4B-00C04F79EFBC}") = "ConstantsSample", "ConstantsSample\ConstantsSample.csproj", "{54AAE52C-079F-4ECE-9F47-2CBC71D95DA0}"
EndProject
Project("{FAE04EC0-301F-11D3-BF4B-00C04F79EFBC}") = "ReferenceTypeSample", "ReferenceTypeSample\ReferenceTypeSample.csproj", "{1172C57C-2AA0-4A97-BF60-694EFA826AA5}"
EndProject
Project("{FAE04EC0-301F-11D3-BF4B-00C04F79EFBC}") = "PrimitiveTypeSample", "PrimitiveTypeSample\PrimitiveTypeSample.csproj", "{578D3925-FBD2-4A3B-8AAC-A3A562FC26EF}"
EndProject
Project("{FAE04EC0-301F-11D3-BF4B-00C04F79EFBC}") = "ValueTypeSample", "ValueTypeSample\ValueTypeSample.csproj", "{53E94CA2-BF6E-4CB0-BC5A-410D97C453D6}"
EndProject
Project("{FAE04EC0-301F-11D3-BF4B-00C04F79EFBC}") = "DelegateSample", "DelegateSample\DelegateSample.csproj", "{06D2840D-3913-4DFB-9D45-B1C3DF8C4FB2}"
EndProject
Project("{FAE04EC0-301F-11D3-BF4B-00C04F79EFBC}") = "DelegateSample_2", "DelegateSample_2\DelegateSample_2.csproj", "{390FD66D-D049-445C-8576-D6E1EAF4E8EC}"
EndProject
Project("{FAE04EC0-301F-11D3-BF4B-00C04F79EFBC}") = "PrimitiveTypeSample_2", "PrimitiveTypeSample_2\PrimitiveTypeSample_2.csproj", "{A9F4F0AE-39B7-41A7-9970-BA403706DA02}"
EndProject
Project("{FAE04EC0-301F-11D3-BF4B-00C04F79EFBC}") = "InternalSample", "InternalSample\InternalSample.csproj", "{B20CC96F-790F-454A-AA1C-293C5D28C670}"
EndProject
Project("{FAE04EC0-301F-11D3-BF4B-00C04F79EFBC}") = "ConstructorSample_2", "ConstructorSample_2\ConstructorSample_2.csproj", "{20469FB4-2AC5-412E-ABDB-10D280E05642}"
EndProject
Project("{FAE04EC0-301F-11D3-BF4B-00C04F79EFBC}") = "FieldSample_2", "FieldSample_2\FieldSample_2.csproj", "{208AD9F4-37D2-4C97-904D-92521962826F}"
EndProject
Project("{FAE04EC0-301F-11D3-BF4B-00C04F79EFBC}") = "PropertySample_3", "PropertySample_3\PropertySample_3.csproj", "{308E291A-78A1-48C9-B806-F18874442862}"
EndProject
Project("{FAE04EC0-301F-11D3-BF4B-00C04F79EFBC}") = "MethodSample", "MethodSample\MethodSample.csproj", "{E127F1B9-D0ED-44B6-9CC5-874EC8B461F9}"
EndProject
Project("{FAE04EC0-301F-11D3-BF4B-00C04F79EFBC}") = "MethodSample_3", "MethodSample_3\MethodSample_3.csproj", "{C83EE91A-3785-4931-9A5F-8D4AF191091D}"
EndProject
Project("{FAE04EC0-301F-11D3-BF4B-00C04F79EFBC}") = "RefOutSample", "RefOutSample\RefOutSample.csproj", "{F07C9F3C-6F43-4679-BCE9-0F3A73D39464}"
EndProject
Project("{FAE04EC0-301F-11D3-BF4B-00C04F79EFBC}") = "StringSample", "StringSample\StringSample.csproj", "{724627D5-782D-41D4-B2DB-583D50EC6691}"
EndProject
Project("{FAE04EC0-301F-11D3-BF4B-00C04F79EFBC}") = "StringSample_2", "StringSample_2\StringSample_2.csproj", "{51FD9CDE-CFAB-4F9A-AE53-3B6B85C86D66}"
EndProject
Project("{FAE04EC0-301F-11D3-BF4B-00C04F79EFBC}") = "IndexerSample", "IndexerSample\IndexerSample.csproj", "{A36A9141-EA28-458E-8BFE-4832E1DFC489}"
EndProject
Project("{FAE04EC0-301F-11D3-BF4B-00C04F79EFBC}") = "IndexerSample_2", "IndexerSample_2\IndexerSample_2.csproj", "{5CB97F1E-7AE5-42EC-86B3-93CD08922980}"
EndProject
Project("{FAE04EC0-301F-11D3-BF4B-00C04F79EFBC}") = "NestedTypeSample_2", "NestedTypeSample_2\NestedTypeSample_2.csproj", "{12C7AC78-BF89-4554-AFC1-D21C3073496A}"
EndProject
Project("{FAE04EC0-301F-11D3-BF4B-00C04F79EFBC}") = "NestedTypeSample", "NestedTypeSample\NestedTypeSample.csproj", "{5C16D346-09EB-4D82-90B1-4EE7B99309CA}"
EndProject
Project("{FAE04EC0-301F-11D3-BF4B-00C04F79EFBC}") = "MethodSample_4", "MethodSample_4\MethodSample_4.csproj", "{25475E37-3D74-423F-8728-63CC001305DA}"
EndProject
Project("{FAE04EC0-301F-11D3-BF4B-00C04F79EFBC}") = "MethodSample_5", "MethodSample_5\MethodSample_5.csproj", "{975F9E1B-99B9-46D5-BCA8-D8A28B769ECA}"
EndProject
Project("{FAE04EC0-301F-11D3-BF4B-00C04F79EFBC}") = "StaticSample", "StaticSample\StaticSample.csproj", "{EE790F91-47CF-41C4-960D-2E79F4B91867}"
EndProject
Project("{FAE04EC0-301F-11D3-BF4B-00C04F79EFBC}") = "StaticSample_2", "StaticSample_2\StaticSample_2.csproj", "{3A1A6F43-B944-4697-A4C2-E23A7CFDB1C4}"
EndProject
Project("{FAE04EC0-301F-11D3-BF4B-00C04F79EFBC}") = "StaticSample_3", "StaticSample_3\StaticSample_3.csproj", "{0F3A0BEF-571B-4C48-A042-2FB6AB987440}"
EndProject
Project("{2150E333-8FDC-42A3-9474-1A3956D46DE8}") = "Training", "Training", "{1A440C87-37C0-4D1C-95CE-C9218FEB5572}"
EndProject
Project("{2150E333-8FDC-42A3-9474-1A3956D46DE8}") = "Exercise", "Exercise", "{7976BA7E-F0C9-4248-AF79-64F89829E2C9}"
EndProject
Project("{FAE04EC0-301F-11D3-BF4B-00C04F79EFBC}") = "Exercise", "Exercise\Exercise.csproj", "{F696B99A-B0F6-4500-99C1-BE35A3D697F8}"
EndProject
Global
	GlobalSection(SolutionConfigurationPlatforms) = preSolution
		Debug|Any CPU = Debug|Any CPU
		Release|Any CPU = Release|Any CPU
	EndGlobalSection
	GlobalSection(ProjectConfigurationPlatforms) = postSolution
		{9B4B0879-15C6-4F65-80CB-48B158780886}.Debug|Any CPU.ActiveCfg = Debug|Any CPU
		{9B4B0879-15C6-4F65-80CB-48B158780886}.Debug|Any CPU.Build.0 = Debug|Any CPU
		{9B4B0879-15C6-4F65-80CB-48B158780886}.Release|Any CPU.ActiveCfg = Release|Any CPU
		{9B4B0879-15C6-4F65-80CB-48B158780886}.Release|Any CPU.Build.0 = Release|Any CPU
		{0A988384-B998-460D-B014-385A1980B59E}.Debug|Any CPU.ActiveCfg = Debug|Any CPU
		{0A988384-B998-460D-B014-385A1980B59E}.Debug|Any CPU.Build.0 = Debug|Any CPU
		{0A988384-B998-460D-B014-385A1980B59E}.Release|Any CPU.ActiveCfg = Release|Any CPU
		{0A988384-B998-460D-B014-385A1980B59E}.Release|Any CPU.Build.0 = Release|Any CPU
		{E411B20A-1375-456D-846F-CF8E2BD87671}.Debug|Any CPU.ActiveCfg = Debug|Any CPU
		{E411B20A-1375-456D-846F-CF8E2BD87671}.Debug|Any CPU.Build.0 = Debug|Any CPU
		{E411B20A-1375-456D-846F-CF8E2BD87671}.Release|Any CPU.ActiveCfg = Release|Any CPU
		{E411B20A-1375-456D-846F-CF8E2BD87671}.Release|Any CPU.Build.0 = Release|Any CPU
		{B46A7166-3CFE-4648-B720-DB5E43C3D573}.Debug|Any CPU.ActiveCfg = Debug|Any CPU
		{B46A7166-3CFE-4648-B720-DB5E43C3D573}.Debug|Any CPU.Build.0 = Debug|Any CPU
		{B46A7166-3CFE-4648-B720-DB5E43C3D573}.Release|Any CPU.ActiveCfg = Release|Any CPU
		{B46A7166-3CFE-4648-B720-DB5E43C3D573}.Release|Any CPU.Build.0 = Release|Any CPU
		{FE3309EB-B6DF-4329-BA80-6E46D851A9C7}.Debug|Any CPU.ActiveCfg = Debug|Any CPU
		{FE3309EB-B6DF-4329-BA80-6E46D851A9C7}.Debug|Any CPU.Build.0 = Debug|Any CPU
		{FE3309EB-B6DF-4329-BA80-6E46D851A9C7}.Release|Any CPU.ActiveCfg = Release|Any CPU
		{FE3309EB-B6DF-4329-BA80-6E46D851A9C7}.Release|Any CPU.Build.0 = Release|Any CPU
		{54AAE52C-079F-4ECE-9F47-2CBC71D95DA0}.Debug|Any CPU.ActiveCfg = Debug|Any CPU
		{54AAE52C-079F-4ECE-9F47-2CBC71D95DA0}.Debug|Any CPU.Build.0 = Debug|Any CPU
		{54AAE52C-079F-4ECE-9F47-2CBC71D95DA0}.Release|Any CPU.ActiveCfg = Release|Any CPU
		{54AAE52C-079F-4ECE-9F47-2CBC71D95DA0}.Release|Any CPU.Build.0 = Release|Any CPU
		{1172C57C-2AA0-4A97-BF60-694EFA826AA5}.Debug|Any CPU.ActiveCfg = Debug|Any CPU
		{1172C57C-2AA0-4A97-BF60-694EFA826AA5}.Debug|Any CPU.Build.0 = Debug|Any CPU
		{1172C57C-2AA0-4A97-BF60-694EFA826AA5}.Release|Any CPU.ActiveCfg = Release|Any CPU
		{1172C57C-2AA0-4A97-BF60-694EFA826AA5}.Release|Any CPU.Build.0 = Release|Any CPU
		{578D3925-FBD2-4A3B-8AAC-A3A562FC26EF}.Debug|Any CPU.ActiveCfg = Debug|Any CPU
		{578D3925-FBD2-4A3B-8AAC-A3A562FC26EF}.Debug|Any CPU.Build.0 = Debug|Any CPU
		{578D3925-FBD2-4A3B-8AAC-A3A562FC26EF}.Release|Any CPU.ActiveCfg = Release|Any CPU
		{578D3925-FBD2-4A3B-8AAC-A3A562FC26EF}.Release|Any CPU.Build.0 = Release|Any CPU
		{53E94CA2-BF6E-4CB0-BC5A-410D97C453D6}.Debug|Any CPU.ActiveCfg = Debug|Any CPU
		{53E94CA2-BF6E-4CB0-BC5A-410D97C453D6}.Debug|Any CPU.Build.0 = Debug|Any CPU
		{53E94CA2-BF6E-4CB0-BC5A-410D97C453D6}.Release|Any CPU.ActiveCfg = Release|Any CPU
		{53E94CA2-BF6E-4CB0-BC5A-410D97C453D6}.Release|Any CPU.Build.0 = Release|Any CPU
		{06D2840D-3913-4DFB-9D45-B1C3DF8C4FB2}.Debug|Any CPU.ActiveCfg = Debug|Any CPU
		{06D2840D-3913-4DFB-9D45-B1C3DF8C4FB2}.Debug|Any CPU.Build.0 = Debug|Any CPU
		{06D2840D-3913-4DFB-9D45-B1C3DF8C4FB2}.Release|Any CPU.ActiveCfg = Release|Any CPU
		{06D2840D-3913-4DFB-9D45-B1C3DF8C4FB2}.Release|Any CPU.Build.0 = Release|Any CPU
		{390FD66D-D049-445C-8576-D6E1EAF4E8EC}.Debug|Any CPU.ActiveCfg = Debug|Any CPU
		{390FD66D-D049-445C-8576-D6E1EAF4E8EC}.Debug|Any CPU.Build.0 = Debug|Any CPU
		{390FD66D-D049-445C-8576-D6E1EAF4E8EC}.Release|Any CPU.ActiveCfg = Release|Any CPU
		{390FD66D-D049-445C-8576-D6E1EAF4E8EC}.Release|Any CPU.Build.0 = Release|Any CPU
		{A9F4F0AE-39B7-41A7-9970-BA403706DA02}.Debug|Any CPU.ActiveCfg = Debug|Any CPU
		{A9F4F0AE-39B7-41A7-9970-BA403706DA02}.Debug|Any CPU.Build.0 = Debug|Any CPU
		{A9F4F0AE-39B7-41A7-9970-BA403706DA02}.Release|Any CPU.ActiveCfg = Release|Any CPU
		{A9F4F0AE-39B7-41A7-9970-BA403706DA02}.Release|Any CPU.Build.0 = Release|Any CPU
		{B20CC96F-790F-454A-AA1C-293C5D28C670}.Debug|Any CPU.ActiveCfg = Debug|Any CPU
		{B20CC96F-790F-454A-AA1C-293C5D28C670}.Debug|Any CPU.Build.0 = Debug|Any CPU
		{B20CC96F-790F-454A-AA1C-293C5D28C670}.Release|Any CPU.ActiveCfg = Release|Any CPU
		{B20CC96F-790F-454A-AA1C-293C5D28C670}.Release|Any CPU.Build.0 = Release|Any CPU
		{20469FB4-2AC5-412E-ABDB-10D280E05642}.Debug|Any CPU.ActiveCfg = Debug|Any CPU
		{20469FB4-2AC5-412E-ABDB-10D280E05642}.Debug|Any CPU.Build.0 = Debug|Any CPU
		{20469FB4-2AC5-412E-ABDB-10D280E05642}.Release|Any CPU.ActiveCfg = Release|Any CPU
		{20469FB4-2AC5-412E-ABDB-10D280E05642}.Release|Any CPU.Build.0 = Release|Any CPU
		{208AD9F4-37D2-4C97-904D-92521962826F}.Debug|Any CPU.ActiveCfg = Debug|Any CPU
		{208AD9F4-37D2-4C97-904D-92521962826F}.Debug|Any CPU.Build.0 = Debug|Any CPU
		{208AD9F4-37D2-4C97-904D-92521962826F}.Release|Any CPU.ActiveCfg = Release|Any CPU
		{208AD9F4-37D2-4C97-904D-92521962826F}.Release|Any CPU.Build.0 = Release|Any CPU
		{308E291A-78A1-48C9-B806-F18874442862}.Debug|Any CPU.ActiveCfg = Debug|Any CPU
		{308E291A-78A1-48C9-B806-F18874442862}.Debug|Any CPU.Build.0 = Debug|Any CPU
		{308E291A-78A1-48C9-B806-F18874442862}.Release|Any CPU.ActiveCfg = Release|Any CPU
		{308E291A-78A1-48C9-B806-F18874442862}.Release|Any CPU.Build.0 = Release|Any CPU
		{E127F1B9-D0ED-44B6-9CC5-874EC8B461F9}.Debug|Any CPU.ActiveCfg = Debug|Any CPU
		{E127F1B9-D0ED-44B6-9CC5-874EC8B461F9}.Debug|Any CPU.Build.0 = Debug|Any CPU
		{E127F1B9-D0ED-44B6-9CC5-874EC8B461F9}.Release|Any CPU.ActiveCfg = Release|Any CPU
		{E127F1B9-D0ED-44B6-9CC5-874EC8B461F9}.Release|Any CPU.Build.0 = Release|Any CPU
		{C83EE91A-3785-4931-9A5F-8D4AF191091D}.Debug|Any CPU.ActiveCfg = Debug|Any CPU
		{C83EE91A-3785-4931-9A5F-8D4AF191091D}.Debug|Any CPU.Build.0 = Debug|Any CPU
		{C83EE91A-3785-4931-9A5F-8D4AF191091D}.Release|Any CPU.ActiveCfg = Release|Any CPU
		{C83EE91A-3785-4931-9A5F-8D4AF191091D}.Release|Any CPU.Build.0 = Release|Any CPU
		{F07C9F3C-6F43-4679-BCE9-0F3A73D39464}.Debug|Any CPU.ActiveCfg = Debug|Any CPU
		{F07C9F3C-6F43-4679-BCE9-0F3A73D39464}.Debug|Any CPU.Build.0 = Debug|Any CPU
		{F07C9F3C-6F43-4679-BCE9-0F3A73D39464}.Release|Any CPU.ActiveCfg = Release|Any CPU
		{F07C9F3C-6F43-4679-BCE9-0F3A73D39464}.Release|Any CPU.Build.0 = Release|Any CPU
		{724627D5-782D-41D4-B2DB-583D50EC6691}.Debug|Any CPU.ActiveCfg = Debug|Any CPU
		{724627D5-782D-41D4-B2DB-583D50EC6691}.Debug|Any CPU.Build.0 = Debug|Any CPU
		{724627D5-782D-41D4-B2DB-583D50EC6691}.Release|Any CPU.ActiveCfg = Release|Any CPU
		{724627D5-782D-41D4-B2DB-583D50EC6691}.Release|Any CPU.Build.0 = Release|Any CPU
		{51FD9CDE-CFAB-4F9A-AE53-3B6B85C86D66}.Debug|Any CPU.ActiveCfg = Debug|Any CPU
		{51FD9CDE-CFAB-4F9A-AE53-3B6B85C86D66}.Debug|Any CPU.Build.0 = Debug|Any CPU
		{51FD9CDE-CFAB-4F9A-AE53-3B6B85C86D66}.Release|Any CPU.ActiveCfg = Release|Any CPU
		{51FD9CDE-CFAB-4F9A-AE53-3B6B85C86D66}.Release|Any CPU.Build.0 = Release|Any CPU
		{A36A9141-EA28-458E-8BFE-4832E1DFC489}.Debug|Any CPU.ActiveCfg = Debug|Any CPU
		{A36A9141-EA28-458E-8BFE-4832E1DFC489}.Debug|Any CPU.Build.0 = Debug|Any CPU
		{A36A9141-EA28-458E-8BFE-4832E1DFC489}.Release|Any CPU.ActiveCfg = Release|Any CPU
		{A36A9141-EA28-458E-8BFE-4832E1DFC489}.Release|Any CPU.Build.0 = Release|Any CPU
		{5CB97F1E-7AE5-42EC-86B3-93CD08922980}.Debug|Any CPU.ActiveCfg = Debug|Any CPU
		{5CB97F1E-7AE5-42EC-86B3-93CD08922980}.Debug|Any CPU.Build.0 = Debug|Any CPU
		{5CB97F1E-7AE5-42EC-86B3-93CD08922980}.Release|Any CPU.ActiveCfg = Release|Any CPU
		{5CB97F1E-7AE5-42EC-86B3-93CD08922980}.Release|Any CPU.Build.0 = Release|Any CPU
		{12C7AC78-BF89-4554-AFC1-D21C3073496A}.Debug|Any CPU.ActiveCfg = Debug|Any CPU
		{12C7AC78-BF89-4554-AFC1-D21C3073496A}.Debug|Any CPU.Build.0 = Debug|Any CPU
		{12C7AC78-BF89-4554-AFC1-D21C3073496A}.Release|Any CPU.ActiveCfg = Release|Any CPU
		{12C7AC78-BF89-4554-AFC1-D21C3073496A}.Release|Any CPU.Build.0 = Release|Any CPU
		{5C16D346-09EB-4D82-90B1-4EE7B99309CA}.Debug|Any CPU.ActiveCfg = Debug|Any CPU
		{5C16D346-09EB-4D82-90B1-4EE7B99309CA}.Debug|Any CPU.Build.0 = Debug|Any CPU
		{5C16D346-09EB-4D82-90B1-4EE7B99309CA}.Release|Any CPU.ActiveCfg = Release|Any CPU
		{5C16D346-09EB-4D82-90B1-4EE7B99309CA}.Release|Any CPU.Build.0 = Release|Any CPU
		{25475E37-3D74-423F-8728-63CC001305DA}.Debug|Any CPU.ActiveCfg = Debug|Any CPU
		{25475E37-3D74-423F-8728-63CC001305DA}.Debug|Any CPU.Build.0 = Debug|Any CPU
		{25475E37-3D74-423F-8728-63CC001305DA}.Release|Any CPU.ActiveCfg = Release|Any CPU
		{25475E37-3D74-423F-8728-63CC001305DA}.Release|Any CPU.Build.0 = Release|Any CPU
		{975F9E1B-99B9-46D5-BCA8-D8A28B769ECA}.Debug|Any CPU.ActiveCfg = Debug|Any CPU
		{975F9E1B-99B9-46D5-BCA8-D8A28B769ECA}.Debug|Any CPU.Build.0 = Debug|Any CPU
		{975F9E1B-99B9-46D5-BCA8-D8A28B769ECA}.Release|Any CPU.ActiveCfg = Release|Any CPU
		{975F9E1B-99B9-46D5-BCA8-D8A28B769ECA}.Release|Any CPU.Build.0 = Release|Any CPU
		{EE790F91-47CF-41C4-960D-2E79F4B91867}.Debug|Any CPU.ActiveCfg = Debug|Any CPU
		{EE790F91-47CF-41C4-960D-2E79F4B91867}.Debug|Any CPU.Build.0 = Debug|Any CPU
		{EE790F91-47CF-41C4-960D-2E79F4B91867}.Release|Any CPU.ActiveCfg = Release|Any CPU
		{EE790F91-47CF-41C4-960D-2E79F4B91867}.Release|Any CPU.Build.0 = Release|Any CPU
		{3A1A6F43-B944-4697-A4C2-E23A7CFDB1C4}.Debug|Any CPU.ActiveCfg = Debug|Any CPU
		{3A1A6F43-B944-4697-A4C2-E23A7CFDB1C4}.Debug|Any CPU.Build.0 = Debug|Any CPU
		{3A1A6F43-B944-4697-A4C2-E23A7CFDB1C4}.Release|Any CPU.ActiveCfg = Release|Any CPU
		{3A1A6F43-B944-4697-A4C2-E23A7CFDB1C4}.Release|Any CPU.Build.0 = Release|Any CPU
		{0F3A0BEF-571B-4C48-A042-2FB6AB987440}.Debug|Any CPU.ActiveCfg = Debug|Any CPU
		{0F3A0BEF-571B-4C48-A042-2FB6AB987440}.Debug|Any CPU.Build.0 = Debug|Any CPU
		{0F3A0BEF-571B-4C48-A042-2FB6AB987440}.Release|Any CPU.ActiveCfg = Release|Any CPU
		{0F3A0BEF-571B-4C48-A042-2FB6AB987440}.Release|Any CPU.Build.0 = Release|Any CPU
		{F696B99A-B0F6-4500-99C1-BE35A3D697F8}.Debug|Any CPU.ActiveCfg = Debug|Any CPU
		{F696B99A-B0F6-4500-99C1-BE35A3D697F8}.Debug|Any CPU.Build.0 = Debug|Any CPU
		{F696B99A-B0F6-4500-99C1-BE35A3D697F8}.Release|Any CPU.ActiveCfg = Release|Any CPU
		{F696B99A-B0F6-4500-99C1-BE35A3D697F8}.Release|Any CPU.Build.0 = Release|Any CPU
	EndGlobalSection
	GlobalSection(NestedProjects) = preSolution
		{54AAE52C-079F-4ECE-9F47-2CBC71D95DA0} = {1A440C87-37C0-4D1C-95CE-C9218FEB5572}
		{0A988384-B998-460D-B014-385A1980B59E} = {1A440C87-37C0-4D1C-95CE-C9218FEB5572}
		{20469FB4-2AC5-412E-ABDB-10D280E05642} = {1A440C87-37C0-4D1C-95CE-C9218FEB5572}
		{06D2840D-3913-4DFB-9D45-B1C3DF8C4FB2} = {1A440C87-37C0-4D1C-95CE-C9218FEB5572}
		{390FD66D-D049-445C-8576-D6E1EAF4E8EC} = {1A440C87-37C0-4D1C-95CE-C9218FEB5572}
		{E411B20A-1375-456D-846F-CF8E2BD87671} = {1A440C87-37C0-4D1C-95CE-C9218FEB5572}
		{208AD9F4-37D2-4C97-904D-92521962826F} = {1A440C87-37C0-4D1C-95CE-C9218FEB5572}
		{A36A9141-EA28-458E-8BFE-4832E1DFC489} = {1A440C87-37C0-4D1C-95CE-C9218FEB5572}
		{5CB97F1E-7AE5-42EC-86B3-93CD08922980} = {1A440C87-37C0-4D1C-95CE-C9218FEB5572}
		{B20CC96F-790F-454A-AA1C-293C5D28C670} = {1A440C87-37C0-4D1C-95CE-C9218FEB5572}
		{E127F1B9-D0ED-44B6-9CC5-874EC8B461F9} = {1A440C87-37C0-4D1C-95CE-C9218FEB5572}
		{9B4B0879-15C6-4F65-80CB-48B158780886} = {1A440C87-37C0-4D1C-95CE-C9218FEB5572}
		{C83EE91A-3785-4931-9A5F-8D4AF191091D} = {1A440C87-37C0-4D1C-95CE-C9218FEB5572}
		{25475E37-3D74-423F-8728-63CC001305DA} = {1A440C87-37C0-4D1C-95CE-C9218FEB5572}
		{975F9E1B-99B9-46D5-BCA8-D8A28B769ECA} = {1A440C87-37C0-4D1C-95CE-C9218FEB5572}
		{5C16D346-09EB-4D82-90B1-4EE7B99309CA} = {1A440C87-37C0-4D1C-95CE-C9218FEB5572}
		{12C7AC78-BF89-4554-AFC1-D21C3073496A} = {1A440C87-37C0-4D1C-95CE-C9218FEB5572}
		{578D3925-FBD2-4A3B-8AAC-A3A562FC26EF} = {1A440C87-37C0-4D1C-95CE-C9218FEB5572}
		{A9F4F0AE-39B7-41A7-9970-BA403706DA02} = {1A440C87-37C0-4D1C-95CE-C9218FEB5572}
		{B46A7166-3CFE-4648-B720-DB5E43C3D573} = {1A440C87-37C0-4D1C-95CE-C9218FEB5572}
		{FE3309EB-B6DF-4329-BA80-6E46D851A9C7} = {1A440C87-37C0-4D1C-95CE-C9218FEB5572}
		{308E291A-78A1-48C9-B806-F18874442862} = {1A440C87-37C0-4D1C-95CE-C9218FEB5572}
		{1172C57C-2AA0-4A97-BF60-694EFA826AA5} = {1A440C87-37C0-4D1C-95CE-C9218FEB5572}
		{F07C9F3C-6F43-4679-BCE9-0F3A73D39464} = {1A440C87-37C0-4D1C-95CE-C9218FEB5572}
		{EE790F91-47CF-41C4-960D-2E79F4B91867} = {1A440C87-37C0-4D1C-95CE-C9218FEB5572}
		{3A1A6F43-B944-4697-A4C2-E23A7CFDB1C4} = {1A440C87-37C0-4D1C-95CE-C9218FEB5572}
		{0F3A0BEF-571B-4C48-A042-2FB6AB987440} = {1A440C87-37C0-4D1C-95CE-C9218FEB5572}
		{724627D5-782D-41D4-B2DB-583D50EC6691} = {1A440C87-37C0-4D1C-95CE-C9218FEB5572}
		{51FD9CDE-CFAB-4F9A-AE53-3B6B85C86D66} = {1A440C87-37C0-4D1C-95CE-C9218FEB5572}
		{53E94CA2-BF6E-4CB0-BC5A-410D97C453D6} = {1A440C87-37C0-4D1C-95CE-C9218FEB5572}
		{F696B99A-B0F6-4500-99C1-BE35A3D697F8} = {7976BA7E-F0C9-4248-AF79-64F89829E2C9}
	EndGlobalSection
EndGlobal
